<?xml version="1.0" encoding="utf-8"?>
<Project ToolsVersion="4.0" xmlns="http://schemas.microsoft.com/developer/msbuild/2003">
  <ItemGroup>
    <Filter Include="Source">
      <UniqueIdentifier>{24e71f14-a194-4dee-9a6c-0fc1ed3bfb75}</UniqueIdentifier>
    </Filter>
    <Filter Include="Source\Engine">
      <UniqueIdentifier>{3e0d8a42-fb11-4ca8-8655-fd2c829607a7}</UniqueIdentifier>
    </Filter>
    <Filter Include="Source\Engine\Helpers">
      <UniqueIdentifier>{eb285f23-87ed-4713-81c0-13a86b279f8b}</UniqueIdentifier>
    </Filter>
    <Filter Include="Source\Engine\Containers">
      <UniqueIdentifier>{3f03b9f6-63d0-4631-bffc-6924487f6974}</UniqueIdentifier>
    </Filter>
    <Filter Include="Source\Engine\Tools">
      <UniqueIdentifier>{f5d8121f-1107-4b3c-8bda-05f51528e38b}</UniqueIdentifier>
    </Filter>
    <Filter Include="Source\Engine\Modules">
      <UniqueIdentifier>{3390e966-b45c-446c-9068-2b15f4549f9c}</UniqueIdentifier>
    </Filter>
    <Filter Include="Source\Editor">
      <UniqueIdentifier>{600285da-6d3a-4c21-8967-47d47cee4591}</UniqueIdentifier>
    </Filter>
    <Filter Include="Source\Editor\ImGUI">
      <UniqueIdentifier>{a3b8584c-3070-49b8-be2f-154836bf29e9}</UniqueIdentifier>
    </Filter>
    <Filter Include="Source\Engine\Modules\Audio">
      <UniqueIdentifier>{1680ecfb-1c6e-487b-8cd3-50560d36e56c}</UniqueIdentifier>
    </Filter>
    <Filter Include="Source\Engine\Modules\Window">
      <UniqueIdentifier>{228e6176-00c8-48c8-9fa5-344b714a0b56}</UniqueIdentifier>
    </Filter>
    <Filter Include="Source\Engine\Modules\GUI">
      <UniqueIdentifier>{21fb220f-73f9-41fe-b683-a25b969627f0}</UniqueIdentifier>
    </Filter>
    <Filter Include="Source\Engine\Modules\Camera">
      <UniqueIdentifier>{c2f19a7e-23d0-4812-aeec-0149fe80cfb3}</UniqueIdentifier>
    </Filter>
    <Filter Include="Source\Engine\Modules\Renderer">
      <UniqueIdentifier>{91e94ac1-5485-4333-88bc-4528277cc239}</UniqueIdentifier>
    </Filter>
    <Filter Include="Source\Engine\Modules\Input">
      <UniqueIdentifier>{2fc5f601-8f9e-4c2d-a35a-43c4f7435088}</UniqueIdentifier>
    </Filter>
    <Filter Include="Source\Engine\Tools\Math">
      <UniqueIdentifier>{a6e1bbd2-5d16-428b-9fd1-da0e43712b35}</UniqueIdentifier>
    </Filter>
    <Filter Include="Source\Engine\Tools\Math\Geometry">
      <UniqueIdentifier>{2c8b25c0-274b-4207-9ab6-6538821da4fb}</UniqueIdentifier>
    </Filter>
    <Filter Include="Source\Engine\Tools\Math\Math">
      <UniqueIdentifier>{471e8852-2cb2-4692-a1c6-8d027617bd07}</UniqueIdentifier>
    </Filter>
    <Filter Include="Source\Engine\Tools\Math\Random">
      <UniqueIdentifier>{0a49cd15-ae1d-44b7-9cdd-b68738138294}</UniqueIdentifier>
    </Filter>
    <Filter Include="Source\Engine\Tools\Math\Clock">
      <UniqueIdentifier>{0c12d6ad-ee88-4d6d-9349-f2dc8da32ba4}</UniqueIdentifier>
    </Filter>
    <Filter Include="Source\Engine\Tools\Math\Algorithm">
      <UniqueIdentifier>{f58d271d-9e95-4a03-8682-e98f1933641c}</UniqueIdentifier>
    </Filter>
    <Filter Include="Source\Engine\Tools\GPU">
      <UniqueIdentifier>{92ce65b7-dd30-4059-8d59-7d288cc71bcc}</UniqueIdentifier>
    </Filter>
    <Filter Include="Source\Engine\Tools\Memory">
      <UniqueIdentifier>{e8793d86-d1f1-4120-b5ab-16af8a76681f}</UniqueIdentifier>
    </Filter>
    <Filter Include="Source\Engine\Tools\ParsonJSON">
      <UniqueIdentifier>{01f3ae59-337d-40a3-84ed-f016f8c30b9c}</UniqueIdentifier>
    </Filter>
    <Filter Include="Source\Engine\Modules\Renderer\GLEW">
      <UniqueIdentifier>{1db21459-d1c1-472b-8894-90b05cbd8b3b}</UniqueIdentifier>
    </Filter>
    <Filter Include="Source\Editor\Scenes">
      <UniqueIdentifier>{528d5a5b-1723-4498-a349-aa0fa175f90f}</UniqueIdentifier>
    </Filter>
    <Filter Include="Source\Editor\GUI">
      <UniqueIdentifier>{ba2bdf3d-9f69-4120-bd67-be9a3e9a13c1}</UniqueIdentifier>
    </Filter>
  </ItemGroup>
  <ItemGroup>
    <ClCompile Include="Engine\Application.cpp">
      <Filter>Source\Engine</Filter>
    </ClCompile>
    <ClCompile Include="Engine\Main.cpp">
      <Filter>Source\Engine</Filter>
    </ClCompile>
    <ClCompile Include="Engine\Color.cpp">
      <Filter>Source\Engine\Containers</Filter>
    </ClCompile>
    <ClCompile Include="Engine\glmath.cpp">
      <Filter>Source\Engine\Containers</Filter>
    </ClCompile>
    <ClCompile Include="Engine\Light.cpp">
      <Filter>Source\Engine\Helpers</Filter>
    </ClCompile>
    <ClCompile Include="Engine\Primitive.cpp">
      <Filter>Source\Engine\Helpers</Filter>
    </ClCompile>
    <ClCompile Include="Engine\Timer.cpp">
      <Filter>Source\Engine\Tools</Filter>
    </ClCompile>
    <ClCompile Include="Engine\imgui.cpp">
      <Filter>Source\Editor\ImGUI</Filter>
    </ClCompile>
    <ClCompile Include="Engine\imgui_demo.cpp">
      <Filter>Source\Editor\ImGUI</Filter>
    </ClCompile>
    <ClCompile Include="Engine\imgui_draw.cpp">
      <Filter>Source\Editor\ImGUI</Filter>
    </ClCompile>
    <ClCompile Include="Engine\imgui_impl_sdl.cpp">
      <Filter>Source\Editor\ImGUI</Filter>
    </ClCompile>
    <ClCompile Include="Engine\ModuleAudio.cpp">
      <Filter>Source\Engine\Modules\Audio</Filter>
    </ClCompile>
    <ClCompile Include="Engine\ModuleWindow.cpp">
      <Filter>Source\Engine\Modules\Window</Filter>
    </ClCompile>
    <ClCompile Include="Engine\ModuleGUI.cpp">
      <Filter>Source\Engine\Modules\GUI</Filter>
    </ClCompile>
    <ClCompile Include="Engine\ModuleCamera3D.cpp">
      <Filter>Source\Engine\Modules\Camera</Filter>
    </ClCompile>
    <ClCompile Include="Engine\ModuleRenderer3D.cpp">
      <Filter>Source\Engine\Modules\Renderer</Filter>
    </ClCompile>
    <ClCompile Include="Engine\ModuleInput.cpp">
      <Filter>Source\Engine\Modules\Input</Filter>
    </ClCompile>
    <ClCompile Include="Engine\Globals.cpp">
      <Filter>Source\Engine</Filter>
    </ClCompile>
    <ClCompile Include="Engine\Geometry\AABB.cpp">
      <Filter>Source\Engine\Tools\Math\Geometry</Filter>
    </ClCompile>
    <ClCompile Include="Engine\Geometry\Capsule.cpp">
      <Filter>Source\Engine\Tools\Math\Geometry</Filter>
    </ClCompile>
    <ClCompile Include="Engine\Geometry\Circle.cpp">
      <Filter>Source\Engine\Tools\Math\Geometry</Filter>
    </ClCompile>
    <ClCompile Include="Engine\Geometry\Frustum.cpp">
      <Filter>Source\Engine\Tools\Math\Geometry</Filter>
    </ClCompile>
    <ClCompile Include="Engine\Geometry\Line.cpp">
      <Filter>Source\Engine\Tools\Math\Geometry</Filter>
    </ClCompile>
    <ClCompile Include="Engine\Geometry\LineSegment.cpp">
      <Filter>Source\Engine\Tools\Math\Geometry</Filter>
    </ClCompile>
    <ClCompile Include="Engine\Geometry\OBB.cpp">
      <Filter>Source\Engine\Tools\Math\Geometry</Filter>
    </ClCompile>
    <ClCompile Include="Engine\Geometry\PBVolume.cpp">
      <Filter>Source\Engine\Tools\Math\Geometry</Filter>
    </ClCompile>
    <ClCompile Include="Engine\Geometry\Plane.cpp">
      <Filter>Source\Engine\Tools\Math\Geometry</Filter>
    </ClCompile>
    <ClCompile Include="Engine\Geometry\Polygon.cpp">
      <Filter>Source\Engine\Tools\Math\Geometry</Filter>
    </ClCompile>
    <ClCompile Include="Engine\Geometry\Polyhedron.cpp">
      <Filter>Source\Engine\Tools\Math\Geometry</Filter>
    </ClCompile>
    <ClCompile Include="Engine\Geometry\Ray.cpp">
      <Filter>Source\Engine\Tools\Math\Geometry</Filter>
    </ClCompile>
    <ClCompile Include="Engine\Geometry\Sphere.cpp">
      <Filter>Source\Engine\Tools\Math\Geometry</Filter>
    </ClCompile>
    <ClCompile Include="Engine\Geometry\Triangle.cpp">
      <Filter>Source\Engine\Tools\Math\Geometry</Filter>
    </ClCompile>
    <ClCompile Include="Engine\Geometry\TriangleMesh.cpp">
      <Filter>Source\Engine\Tools\Math\Geometry</Filter>
    </ClCompile>
    <ClCompile Include="Engine\Math\BitOps.cpp">
      <Filter>Source\Engine\Tools\Math\Math</Filter>
    </ClCompile>
    <ClCompile Include="Engine\Math\Callstack.cpp">
      <Filter>Source\Engine\Tools\Math\Math</Filter>
    </ClCompile>
    <ClCompile Include="Engine\Math\float2.cpp">
      <Filter>Source\Engine\Tools\Math\Math</Filter>
    </ClCompile>
    <ClCompile Include="Engine\Math\float3.cpp">
      <Filter>Source\Engine\Tools\Math\Math</Filter>
    </ClCompile>
    <ClCompile Include="Engine\Math\float3x3.cpp">
      <Filter>Source\Engine\Tools\Math\Math</Filter>
    </ClCompile>
    <ClCompile Include="Engine\Math\float3x4.cpp">
      <Filter>Source\Engine\Tools\Math\Math</Filter>
    </ClCompile>
    <ClCompile Include="Engine\Math\float4.cpp">
      <Filter>Source\Engine\Tools\Math\Math</Filter>
    </ClCompile>
    <ClCompile Include="Engine\Math\float4d.cpp">
      <Filter>Source\Engine\Tools\Math\Math</Filter>
    </ClCompile>
    <ClCompile Include="Engine\Math\float4x4.cpp">
      <Filter>Source\Engine\Tools\Math\Math</Filter>
    </ClCompile>
    <ClCompile Include="Engine\Math\grisu3.c">
      <Filter>Source\Engine\Tools\Math\Math</Filter>
    </ClCompile>
    <ClCompile Include="Engine\Math\grisu3_cpp.cpp">
      <Filter>Source\Engine\Tools\Math\Math</Filter>
    </ClCompile>
    <ClCompile Include="Engine\Math\MathFunc.cpp">
      <Filter>Source\Engine\Tools\Math\Math</Filter>
    </ClCompile>
    <ClCompile Include="Engine\Math\MathLog.cpp">
      <Filter>Source\Engine\Tools\Math\Math</Filter>
    </ClCompile>
    <ClCompile Include="Engine\Math\MathOps.cpp">
      <Filter>Source\Engine\Tools\Math\Math</Filter>
    </ClCompile>
    <ClCompile Include="Engine\Math\Polynomial.cpp">
      <Filter>Source\Engine\Tools\Math\Math</Filter>
    </ClCompile>
    <ClCompile Include="Engine\Math\Quat.cpp">
      <Filter>Source\Engine\Tools\Math\Math</Filter>
    </ClCompile>
    <ClCompile Include="Engine\Math\SSEMath.cpp">
      <Filter>Source\Engine\Tools\Math\Math</Filter>
    </ClCompile>
    <ClCompile Include="Engine\Math\TransformOps.cpp">
      <Filter>Source\Engine\Tools\Math\Math</Filter>
    </ClCompile>
    <ClCompile Include="Engine\Time\Clock.cpp">
      <Filter>Source\Engine\Tools\Math\Clock</Filter>
    </ClCompile>
    <ClCompile Include="Engine\Algorithm\Random\LCG.cpp">
      <Filter>Source\Engine\Tools\Math\Random</Filter>
    </ClCompile>
    <ClCompile Include="Engine\Algorithm\GJK.cpp">
      <Filter>Source\Engine\Tools\Math\Algorithm</Filter>
    </ClCompile>
    <ClCompile Include="Engine\PerfTimer.cpp">
      <Filter>Source\Engine\Tools</Filter>
    </ClCompile>
    <ClCompile Include="Engine\gpudetect\DeviceId.cpp">
      <Filter>Source\Engine\Tools\GPU</Filter>
    </ClCompile>
    <ClCompile Include="Engine\mmgr\mmgr.cpp">
      <Filter>Source\Engine\Tools\Memory</Filter>
    </ClCompile>
    <ClCompile Include="Engine\Parson\parson.c">
      <Filter>Source\Engine\Tools\ParsonJSON</Filter>
    </ClCompile>
    <ClCompile Include="Engine\JSONManager.cpp">
      <Filter>Source\Engine\Tools</Filter>
    </ClCompile>
    <ClCompile Include="Engine\TestScene.cpp">
      <Filter>Source\Editor\Scenes</Filter>
    </ClCompile>
    <ClCompile Include="Engine\SceneManager.cpp">
      <Filter>Source\Editor\Scenes</Filter>
    </ClCompile>
    <ClCompile Include="Engine\MenuGUI.cpp">
      <Filter>Source\Editor\GUI</Filter>
    </ClCompile>
    <ClCompile Include="Engine\ConsoleGUI.cpp">
      <Filter>Source\Editor\GUI</Filter>
    </ClCompile>
  </ItemGroup>
  <ItemGroup>
    <ClInclude Include="Engine\Application.h">
      <Filter>Source\Engine</Filter>
    </ClInclude>
    <ClInclude Include="Engine\Globals.h">
      <Filter>Source\Engine</Filter>
    </ClInclude>
    <ClInclude Include="Engine\Color.h">
      <Filter>Source\Engine\Containers</Filter>
    </ClInclude>
    <ClInclude Include="Engine\glmath.h">
      <Filter>Source\Engine\Containers</Filter>
    </ClInclude>
    <ClInclude Include="Engine\p2Point.h">
      <Filter>Source\Engine\Containers</Filter>
    </ClInclude>
    <ClInclude Include="Engine\Light.h">
      <Filter>Source\Engine\Helpers</Filter>
    </ClInclude>
    <ClInclude Include="Engine\Primitive.h">
      <Filter>Source\Engine\Helpers</Filter>
    </ClInclude>
    <ClInclude Include="Engine\Module.h">
      <Filter>Source\Engine\Modules</Filter>
    </ClInclude>
    <ClInclude Include="Engine\Timer.h">
      <Filter>Source\Engine\Tools</Filter>
    </ClInclude>
    <ClInclude Include="Engine\stb_rect_pack.h">
      <Filter>Source\Editor\ImGUI</Filter>
    </ClInclude>
    <ClInclude Include="Engine\stb_textedit.h">
      <Filter>Source\Editor\ImGUI</Filter>
    </ClInclude>
    <ClInclude Include="Engine\stb_truetype.h">
      <Filter>Source\Editor\ImGUI</Filter>
    </ClInclude>
    <ClInclude Include="Engine\imconfig.h">
      <Filter>Source\Editor\ImGUI</Filter>
    </ClInclude>
    <ClInclude Include="Engine\imgui.h">
      <Filter>Source\Editor\ImGUI</Filter>
    </ClInclude>
    <ClInclude Include="Engine\imgui_impl_sdl.h">
      <Filter>Source\Editor\ImGUI</Filter>
    </ClInclude>
    <ClInclude Include="Engine\imgui_internal.h">
      <Filter>Source\Editor\ImGUI</Filter>
    </ClInclude>
    <ClInclude Include="Engine\ModuleAudio.h">
      <Filter>Source\Engine\Modules\Audio</Filter>
    </ClInclude>
    <ClInclude Include="Engine\ModuleWindow.h">
      <Filter>Source\Engine\Modules\Window</Filter>
    </ClInclude>
    <ClInclude Include="Engine\ModuleGUI.h">
      <Filter>Source\Engine\Modules\GUI</Filter>
    </ClInclude>
    <ClInclude Include="Engine\ModuleCamera3D.h">
      <Filter>Source\Engine\Modules\Camera</Filter>
    </ClInclude>
    <ClInclude Include="Engine\ModuleRenderer3D.h">
      <Filter>Source\Engine\Modules\Renderer</Filter>
    </ClInclude>
    <ClInclude Include="Engine\ModuleInput.h">
      <Filter>Source\Engine\Modules\Input</Filter>
    </ClInclude>
    <ClInclude Include="Engine\MathBuildConfig.h">
      <Filter>Source\Engine\Tools\Math</Filter>
    </ClInclude>
    <ClInclude Include="Engine\MathGeoLibFwd.h">
      <Filter>Source\Engine\Tools\Math</Filter>
    </ClInclude>
    <ClInclude Include="Engine\MathGeoLib.h">
      <Filter>Source\Engine\Tools\Math</Filter>
    </ClInclude>
    <ClInclude Include="Engine\Geometry\AABB.h">
      <Filter>Source\Engine\Tools\Math\Geometry</Filter>
    </ClInclude>
    <ClInclude Include="Engine\Geometry\AABB2D.h">
      <Filter>Source\Engine\Tools\Math\Geometry</Filter>
    </ClInclude>
    <ClInclude Include="Engine\Geometry\Capsule.h">
      <Filter>Source\Engine\Tools\Math\Geometry</Filter>
    </ClInclude>
    <ClInclude Include="Engine\Geometry\Circle.h">
      <Filter>Source\Engine\Tools\Math\Geometry</Filter>
    </ClInclude>
    <ClInclude Include="Engine\Geometry\Frustum.h">
      <Filter>Source\Engine\Tools\Math\Geometry</Filter>
    </ClInclude>
    <ClInclude Include="Engine\Geometry\GeometryAll.h">
      <Filter>Source\Engine\Tools\Math\Geometry</Filter>
    </ClInclude>
    <ClInclude Include="Engine\Geometry\GeomType.h">
      <Filter>Source\Engine\Tools\Math\Geometry</Filter>
    </ClInclude>
    <ClInclude Include="Engine\Geometry\HitInfo.h">
      <Filter>Source\Engine\Tools\Math\Geometry</Filter>
    </ClInclude>
    <ClInclude Include="Engine\Geometry\KDTree.h">
      <Filter>Source\Engine\Tools\Math\Geometry</Filter>
    </ClInclude>
    <ClInclude Include="Engine\Geometry\Line.h">
      <Filter>Source\Engine\Tools\Math\Geometry</Filter>
    </ClInclude>
    <ClInclude Include="Engine\Geometry\LineSegment.h">
      <Filter>Source\Engine\Tools\Math\Geometry</Filter>
    </ClInclude>
    <ClInclude Include="Engine\Geometry\OBB.h">
      <Filter>Source\Engine\Tools\Math\Geometry</Filter>
    </ClInclude>
    <ClInclude Include="Engine\Geometry\PBVolume.h">
      <Filter>Source\Engine\Tools\Math\Geometry</Filter>
    </ClInclude>
    <ClInclude Include="Engine\Geometry\Plane.h">
      <Filter>Source\Engine\Tools\Math\Geometry</Filter>
    </ClInclude>
    <ClInclude Include="Engine\Geometry\Polygon.h">
      <Filter>Source\Engine\Tools\Math\Geometry</Filter>
    </ClInclude>
    <ClInclude Include="Engine\Geometry\Polyhedron.h">
      <Filter>Source\Engine\Tools\Math\Geometry</Filter>
    </ClInclude>
    <ClInclude Include="Engine\Geometry\QuadTree.h">
      <Filter>Source\Engine\Tools\Math\Geometry</Filter>
    </ClInclude>
    <ClInclude Include="Engine\Geometry\Ray.h">
      <Filter>Source\Engine\Tools\Math\Geometry</Filter>
    </ClInclude>
    <ClInclude Include="Engine\Geometry\Sphere.h">
      <Filter>Source\Engine\Tools\Math\Geometry</Filter>
    </ClInclude>
    <ClInclude Include="Engine\Geometry\Triangle.h">
      <Filter>Source\Engine\Tools\Math\Geometry</Filter>
    </ClInclude>
    <ClInclude Include="Engine\Geometry\TriangleMesh.h">
      <Filter>Source\Engine\Tools\Math\Geometry</Filter>
    </ClInclude>
    <ClInclude Include="Engine\Math\assume.h">
      <Filter>Source\Engine\Tools\Math\Math</Filter>
    </ClInclude>
    <ClInclude Include="Engine\Math\BitOps.h">
      <Filter>Source\Engine\Tools\Math\Math</Filter>
    </ClInclude>
    <ClInclude Include="Engine\Math\Callstack.h">
      <Filter>Source\Engine\Tools\Math\Math</Filter>
    </ClInclude>
    <ClInclude Include="Engine\Math\FixedPoint.h">
      <Filter>Source\Engine\Tools\Math\Math</Filter>
    </ClInclude>
    <ClInclude Include="Engine\Math\float2.h">
      <Filter>Source\Engine\Tools\Math\Math</Filter>
    </ClInclude>
    <ClInclude Include="Engine\Math\float3.h">
      <Filter>Source\Engine\Tools\Math\Math</Filter>
    </ClInclude>
    <ClInclude Include="Engine\Math\float3x3.h">
      <Filter>Source\Engine\Tools\Math\Math</Filter>
    </ClInclude>
    <ClInclude Include="Engine\Math\float3x4.h">
      <Filter>Source\Engine\Tools\Math\Math</Filter>
    </ClInclude>
    <ClInclude Include="Engine\Math\float4.h">
      <Filter>Source\Engine\Tools\Math\Math</Filter>
    </ClInclude>
    <ClInclude Include="Engine\Math\float4_neon.h">
      <Filter>Source\Engine\Tools\Math\Math</Filter>
    </ClInclude>
    <ClInclude Include="Engine\Math\float4_sse.h">
      <Filter>Source\Engine\Tools\Math\Math</Filter>
    </ClInclude>
    <ClInclude Include="Engine\Math\float4d.h">
      <Filter>Source\Engine\Tools\Math\Math</Filter>
    </ClInclude>
    <ClInclude Include="Engine\Math\float4x4.h">
      <Filter>Source\Engine\Tools\Math\Math</Filter>
    </ClInclude>
    <ClInclude Include="Engine\Math\float4x4_neon.h">
      <Filter>Source\Engine\Tools\Math\Math</Filter>
    </ClInclude>
    <ClInclude Include="Engine\Math\float4x4_sse.h">
      <Filter>Source\Engine\Tools\Math\Math</Filter>
    </ClInclude>
    <ClInclude Include="Engine\Math\FloatCmp.h">
      <Filter>Source\Engine\Tools\Math\Math</Filter>
    </ClInclude>
    <ClInclude Include="Engine\Math\grisu3.h">
      <Filter>Source\Engine\Tools\Math\Math</Filter>
    </ClInclude>
    <ClInclude Include="Engine\Math\InclWindows.h">
      <Filter>Source\Engine\Tools\Math\Math</Filter>
    </ClInclude>
    <ClInclude Include="Engine\Math\MathAll.h">
      <Filter>Source\Engine\Tools\Math\Math</Filter>
    </ClInclude>
    <ClInclude Include="Engine\Math\MathConstants.h">
      <Filter>Source\Engine\Tools\Math\Math</Filter>
    </ClInclude>
    <ClInclude Include="Engine\Math\MathFunc.h">
      <Filter>Source\Engine\Tools\Math\Math</Filter>
    </ClInclude>
    <ClInclude Include="Engine\Math\MathLog.h">
      <Filter>Source\Engine\Tools\Math\Math</Filter>
    </ClInclude>
    <ClInclude Include="Engine\Math\MathNamespace.h">
      <Filter>Source\Engine\Tools\Math\Math</Filter>
    </ClInclude>
    <ClInclude Include="Engine\Math\MathTypes.h">
      <Filter>Source\Engine\Tools\Math\Math</Filter>
    </ClInclude>
    <ClInclude Include="Engine\Math\MatrixProxy.h">
      <Filter>Source\Engine\Tools\Math\Math</Filter>
    </ClInclude>
    <ClInclude Include="Engine\Math\myassert.h">
      <Filter>Source\Engine\Tools\Math\Math</Filter>
    </ClInclude>
    <ClInclude Include="Engine\Math\Polynomial.h">
      <Filter>Source\Engine\Tools\Math\Math</Filter>
    </ClInclude>
    <ClInclude Include="Engine\Math\Quat.h">
      <Filter>Source\Engine\Tools\Math\Math</Filter>
    </ClInclude>
    <ClInclude Include="Engine\Math\quat_simd.h">
      <Filter>Source\Engine\Tools\Math\Math</Filter>
    </ClInclude>
    <ClInclude Include="Engine\Math\Rect.h">
      <Filter>Source\Engine\Tools\Math\Math</Filter>
    </ClInclude>
    <ClInclude Include="Engine\Math\Reinterpret.h">
      <Filter>Source\Engine\Tools\Math\Math</Filter>
    </ClInclude>
    <ClInclude Include="Engine\Math\simd.h">
      <Filter>Source\Engine\Tools\Math\Math</Filter>
    </ClInclude>
    <ClInclude Include="Engine\Math\sse_mathfun.h">
      <Filter>Source\Engine\Tools\Math\Math</Filter>
    </ClInclude>
    <ClInclude Include="Engine\Math\SSEMath.h">
      <Filter>Source\Engine\Tools\Math\Math</Filter>
    </ClInclude>
    <ClInclude Include="Engine\Math\TransformOps.h">
      <Filter>Source\Engine\Tools\Math\Math</Filter>
    </ClInclude>
    <ClInclude Include="Engine\Time\Clock.h">
      <Filter>Source\Engine\Tools\Math\Clock</Filter>
    </ClInclude>
    <ClInclude Include="Engine\Algorithm\Random\LCG.h">
      <Filter>Source\Engine\Tools\Math\Random</Filter>
    </ClInclude>
    <ClInclude Include="Engine\Algorithm\GJK.h">
      <Filter>Source\Engine\Tools\Math\Algorithm</Filter>
    </ClInclude>
    <ClInclude Include="Engine\Algorithm\SAT.h">
      <Filter>Source\Engine\Tools\Math\Algorithm</Filter>
    </ClInclude>
    <ClInclude Include="Engine\PerfTimer.h">
      <Filter>Source\Engine\Tools</Filter>
    </ClInclude>
    <ClInclude Include="Engine\gpudetect\DeviceId.h">
      <Filter>Source\Engine\Tools\GPU</Filter>
    </ClInclude>
    <ClInclude Include="Engine\mmgr\mmgr.h">
      <Filter>Source\Engine\Tools\Memory</Filter>
    </ClInclude>
    <ClInclude Include="Engine\mmgr\nommgr.h">
      <Filter>Source\Engine\Tools\Memory</Filter>
    </ClInclude>
    <ClInclude Include="Engine\Parson\parson.h">
      <Filter>Source\Engine\Tools\ParsonJSON</Filter>
    </ClInclude>
    <ClInclude Include="Engine\JSONManager.h">
      <Filter>Source\Engine\Tools</Filter>
    </ClInclude>
    <ClInclude Include="Engine\glew-2.1.0\include\GL\eglew.h">
      <Filter>Source\Engine\Modules\Renderer\GLEW</Filter>
    </ClInclude>
    <ClInclude Include="Engine\glew-2.1.0\include\GL\glew.h">
      <Filter>Source\Engine\Modules\Renderer\GLEW</Filter>
    </ClInclude>
    <ClInclude Include="Engine\glew-2.1.0\include\GL\glxew.h">
      <Filter>Source\Engine\Modules\Renderer\GLEW</Filter>
    </ClInclude>
    <ClInclude Include="Engine\glew-2.1.0\include\GL\wglew.h">
      <Filter>Source\Engine\Modules\Renderer\GLEW</Filter>
    </ClInclude>
    <ClInclude Include="Engine\Scene.h">
      <Filter>Source\Editor\Scenes</Filter>
    </ClInclude>
    <ClInclude Include="Engine\TestScene.h">
      <Filter>Source\Editor\Scenes</Filter>
    </ClInclude>
    <ClInclude Include="Engine\SceneManager.h">
      <Filter>Source\Editor\Scenes</Filter>
    </ClInclude>
    <ClInclude Include="Engine\GUIElement.h">
      <Filter>Source\Editor\GUI</Filter>
    </ClInclude>
    <ClInclude Include="Engine\MenuGUI.h">
      <Filter>Source\Editor\GUI</Filter>
    </ClInclude>
    <ClInclude Include="Engine\ConsoleGUI.h">
      <Filter>Source\Editor\GUI</Filter>
    </ClInclude>
  </ItemGroup>
  <ItemGroup>
    <None Include="Engine\Geometry\KDTree.inl">
      <Filter>Source\Engine\Tools\Math\Geometry</Filter>
    </None>
    <None Include="Engine\Geometry\QuadTree.inl">
      <Filter>Source\Engine\Tools\Math\Geometry</Filter>
    </None>
    <None Include="Engine\Geometry\TriangleMesh_IntersectRay_AVX.inl">
      <Filter>Source\Engine\Tools\Math\Geometry</Filter>
    </None>
    <None Include="Engine\Geometry\TriangleMesh_IntersectRay_CPP.inl">
      <Filter>Source\Engine\Tools\Math\Geometry</Filter>
    </None>
    <None Include="Engine\Geometry\TriangleMesh_IntersectRay_SSE.inl">
      <Filter>Source\Engine\Tools\Math\Geometry</Filter>
    </None>
    <None Include="Engine\Math\float2.inl">
      <Filter>Source\Engine\Tools\Math\Math</Filter>
    </None>
    <None Include="Engine\Math\Matrix.inl">
      <Filter>Source\Engine\Tools\Math\Math</Filter>
    </None>
  </ItemGroup>
</Project>